// !$*UTF8*$!
{
	archiveVersion = 1;
	classes = {
	};
	objectVersion = 52;
	objects = {

/* Begin PBXBuildFile section */
		6B94C05825F7BBA3000CF9C5 /* PlanetService.swift in Sources */ = {isa = PBXBuildFile; fileRef = 6B94C05725F7BBA3000CF9C5 /* PlanetService.swift */; };
		6B94C05C25F7BC07000CF9C5 /* Alamofire in Frameworks */ = {isa = PBXBuildFile; productRef = 6B94C05B25F7BC07000CF9C5 /* Alamofire */; };
		6B94C06025F7C727000CF9C5 /* PlanetDetail.swift in Sources */ = {isa = PBXBuildFile; fileRef = 6B94C05F25F7C727000CF9C5 /* PlanetDetail.swift */; };
		A102AE2525F7B49F00424CDD /* SDWebImageSwiftUI in Frameworks */ = {isa = PBXBuildFile; productRef = A102AE2425F7B49F00424CDD /* SDWebImageSwiftUI */; };
		B5F66ECE25F7B0010000ED7B /* planets.json in Resources */ = {isa = PBXBuildFile; fileRef = B5F66ECD25F7B0010000ED7B /* planets.json */; };
		B5F66ED225F7B02C0000ED7B /* Planet.swift in Sources */ = {isa = PBXBuildFile; fileRef = B5F66ED125F7B02C0000ED7B /* Planet.swift */; };
		B5F66ED725F7B0A10000ED7B /* EntityLoader.swift in Sources */ = {isa = PBXBuildFile; fileRef = B5F66ED625F7B0A10000ED7B /* EntityLoader.swift */; };
		B5F66EDB25F7B13A0000ED7B /* PlanetMockData.swift in Sources */ = {isa = PBXBuildFile; fileRef = B5F66EDA25F7B13A0000ED7B /* PlanetMockData.swift */; };
		C1B7F0C225F79FE100CD1530 /* SwiftUITrainingApp.swift in Sources */ = {isa = PBXBuildFile; fileRef = C1B7F0C125F79FE100CD1530 /* SwiftUITrainingApp.swift */; };
		C1B7F0C425F79FE100CD1530 /* PlanetRow.swift in Sources */ = {isa = PBXBuildFile; fileRef = C1B7F0C325F79FE100CD1530 /* PlanetRow.swift */; };
		C1B7F0C625F79FE200CD1530 /* Assets.xcassets in Resources */ = {isa = PBXBuildFile; fileRef = C1B7F0C525F79FE200CD1530 /* Assets.xcassets */; };
		C1B7F0C925F79FE200CD1530 /* Preview Assets.xcassets in Resources */ = {isa = PBXBuildFile; fileRef = C1B7F0C825F79FE200CD1530 /* Preview Assets.xcassets */; };
		CF6565AB25F7B69200AFCDD4 /* PlanetList.swift in Sources */ = {isa = PBXBuildFile; fileRef = CF6565AA25F7B69200AFCDD4 /* PlanetList.swift */; };
/* End PBXBuildFile section */

/* Begin PBXFileReference section */
		6B94C05725F7BBA3000CF9C5 /* PlanetService.swift */ = {isa = PBXFileReference; lastKnownFileType = sourcecode.swift; path = PlanetService.swift; sourceTree = "<group>"; };
		6B94C05F25F7C727000CF9C5 /* PlanetDetail.swift */ = {isa = PBXFileReference; lastKnownFileType = sourcecode.swift; path = PlanetDetail.swift; sourceTree = "<group>"; };
		B5F66ECD25F7B0010000ED7B /* planets.json */ = {isa = PBXFileReference; fileEncoding = 4; lastKnownFileType = text.json; path = planets.json; sourceTree = "<group>"; };
		B5F66ED125F7B02C0000ED7B /* Planet.swift */ = {isa = PBXFileReference; lastKnownFileType = sourcecode.swift; path = Planet.swift; sourceTree = "<group>"; };
		B5F66ED625F7B0A10000ED7B /* EntityLoader.swift */ = {isa = PBXFileReference; fileEncoding = 4; lastKnownFileType = sourcecode.swift; path = EntityLoader.swift; sourceTree = "<group>"; };
		B5F66EDA25F7B13A0000ED7B /* PlanetMockData.swift */ = {isa = PBXFileReference; lastKnownFileType = sourcecode.swift; path = PlanetMockData.swift; sourceTree = "<group>"; };
		C1B7F0BE25F79FE100CD1530 /* SwiftUITraining.app */ = {isa = PBXFileReference; explicitFileType = wrapper.application; includeInIndex = 0; path = SwiftUITraining.app; sourceTree = BUILT_PRODUCTS_DIR; };
		C1B7F0C125F79FE100CD1530 /* SwiftUITrainingApp.swift */ = {isa = PBXFileReference; lastKnownFileType = sourcecode.swift; path = SwiftUITrainingApp.swift; sourceTree = "<group>"; };
		C1B7F0C325F79FE100CD1530 /* PlanetRow.swift */ = {isa = PBXFileReference; lastKnownFileType = sourcecode.swift; path = PlanetRow.swift; sourceTree = "<group>"; };
		C1B7F0C525F79FE200CD1530 /* Assets.xcassets */ = {isa = PBXFileReference; lastKnownFileType = folder.assetcatalog; path = Assets.xcassets; sourceTree = "<group>"; };
		C1B7F0C825F79FE200CD1530 /* Preview Assets.xcassets */ = {isa = PBXFileReference; lastKnownFileType = folder.assetcatalog; path = "Preview Assets.xcassets"; sourceTree = "<group>"; };
		C1B7F0CA25F79FE200CD1530 /* Info.plist */ = {isa = PBXFileReference; lastKnownFileType = text.plist.xml; path = Info.plist; sourceTree = "<group>"; };
		CF6565AA25F7B69200AFCDD4 /* PlanetList.swift */ = {isa = PBXFileReference; lastKnownFileType = sourcecode.swift; path = PlanetList.swift; sourceTree = "<group>"; };
/* End PBXFileReference section */

/* Begin PBXFrameworksBuildPhase section */
		C1B7F0BB25F79FE100CD1530 /* Frameworks */ = {
			isa = PBXFrameworksBuildPhase;
			buildActionMask = 2147483647;
			files = (
				A102AE2525F7B49F00424CDD /* SDWebImageSwiftUI in Frameworks */,
				6B94C05C25F7BC07000CF9C5 /* Alamofire in Frameworks */,
			);
			runOnlyForDeploymentPostprocessing = 0;
		};
/* End PBXFrameworksBuildPhase section */

/* Begin PBXGroup section */
		A102AE2925F7C24E00424CDD /* View */ = {
			isa = PBXGroup;
			children = (
				C1B7F0C325F79FE100CD1530 /* PlanetRow.swift */,
				CF6565AA25F7B69200AFCDD4 /* PlanetList.swift */,
				6B94C05F25F7C727000CF9C5 /* PlanetDetail.swift */,
			);
			path = View;
			sourceTree = "<group>";
		};
		B5F66ED025F7B00C0000ED7B /* Data */ = {
			isa = PBXGroup;
			children = (
				B5F66ECD25F7B0010000ED7B /* planets.json */,
				B5F66EDA25F7B13A0000ED7B /* PlanetMockData.swift */,
				6B94C05725F7BBA3000CF9C5 /* PlanetService.swift */,
			);
			path = Data;
			sourceTree = "<group>";
		};
		B5F66ED525F7B02F0000ED7B /* Model */ = {
			isa = PBXGroup;
			children = (
				B5F66ED125F7B02C0000ED7B /* Planet.swift */,
			);
			path = Model;
			sourceTree = "<group>";
		};
		B5F66ED925F7B0A40000ED7B /* Helper */ = {
			isa = PBXGroup;
			children = (
				B5F66ED625F7B0A10000ED7B /* EntityLoader.swift */,
			);
			path = Helper;
			sourceTree = "<group>";
		};
		C1B7F0B525F79FE100CD1530 = {
			isa = PBXGroup;
			children = (
				C1B7F0C025F79FE100CD1530 /* SwiftUITraining */,
				C1B7F0BF25F79FE100CD1530 /* Products */,
			);
			sourceTree = "<group>";
		};
		C1B7F0BF25F79FE100CD1530 /* Products */ = {
			isa = PBXGroup;
			children = (
				C1B7F0BE25F79FE100CD1530 /* SwiftUITraining.app */,
			);
			name = Products;
			sourceTree = "<group>";
		};
		C1B7F0C025F79FE100CD1530 /* SwiftUITraining */ = {
			isa = PBXGroup;
			children = (
				C1B7F0C125F79FE100CD1530 /* SwiftUITrainingApp.swift */,
				B5F66ED925F7B0A40000ED7B /* Helper */,
				B5F66ED525F7B02F0000ED7B /* Model */,
				B5F66ED025F7B00C0000ED7B /* Data */,
				A102AE2925F7C24E00424CDD /* View */,
				C1B7F0C525F79FE200CD1530 /* Assets.xcassets */,
				C1B7F0CA25F79FE200CD1530 /* Info.plist */,
				C1B7F0C725F79FE200CD1530 /* Preview Content */,
			);
			path = SwiftUITraining;
			sourceTree = "<group>";
		};
		C1B7F0C725F79FE200CD1530 /* Preview Content */ = {
			isa = PBXGroup;
			children = (
				C1B7F0C825F79FE200CD1530 /* Preview Assets.xcassets */,
			);
			path = "Preview Content";
			sourceTree = "<group>";
		};
/* End PBXGroup section */

/* Begin PBXNativeTarget section */
		C1B7F0BD25F79FE100CD1530 /* SwiftUITraining */ = {
			isa = PBXNativeTarget;
			buildConfigurationList = C1B7F0CD25F79FE200CD1530 /* Build configuration list for PBXNativeTarget "SwiftUITraining" */;
			buildPhases = (
				C1B7F0BA25F79FE100CD1530 /* Sources */,
				C1B7F0BB25F79FE100CD1530 /* Frameworks */,
				C1B7F0BC25F79FE100CD1530 /* Resources */,
			);
			buildRules = (
			);
			dependencies = (
			);
			name = SwiftUITraining;
			packageProductDependencies = (
				A102AE2425F7B49F00424CDD /* SDWebImageSwiftUI */,
				6B94C05B25F7BC07000CF9C5 /* Alamofire */,
			);
			productName = SwiftUITraining;
			productReference = C1B7F0BE25F79FE100CD1530 /* SwiftUITraining.app */;
			productType = "com.apple.product-type.application";
		};
/* End PBXNativeTarget section */

/* Begin PBXProject section */
		C1B7F0B625F79FE100CD1530 /* Project object */ = {
			isa = PBXProject;
			attributes = {
				LastSwiftUpdateCheck = 1210;
				LastUpgradeCheck = 1210;
				TargetAttributes = {
					C1B7F0BD25F79FE100CD1530 = {
						CreatedOnToolsVersion = 12.1;
					};
				};
			};
			buildConfigurationList = C1B7F0B925F79FE100CD1530 /* Build configuration list for PBXProject "SwiftUITraining" */;
			compatibilityVersion = "Xcode 9.3";
			developmentRegion = en;
			hasScannedForEncodings = 0;
			knownRegions = (
				en,
				Base,
			);
			mainGroup = C1B7F0B525F79FE100CD1530;
			packageReferences = (
				A102AE2325F7B49F00424CDD /* XCRemoteSwiftPackageReference "SDWebImageSwiftUI" */,
				6B94C05A25F7BC07000CF9C5 /* XCRemoteSwiftPackageReference "Alamofire" */,
			);
			productRefGroup = C1B7F0BF25F79FE100CD1530 /* Products */;
			projectDirPath = "";
			projectRoot = "";
			targets = (
				C1B7F0BD25F79FE100CD1530 /* SwiftUITraining */,
			);
		};
/* End PBXProject section */

/* Begin PBXResourcesBuildPhase section */
		C1B7F0BC25F79FE100CD1530 /* Resources */ = {
			isa = PBXResourcesBuildPhase;
			buildActionMask = 2147483647;
			files = (
				C1B7F0C925F79FE200CD1530 /* Preview Assets.xcassets in Resources */,
				C1B7F0C625F79FE200CD1530 /* Assets.xcassets in Resources */,
				B5F66ECE25F7B0010000ED7B /* planets.json in Resources */,
			);
			runOnlyForDeploymentPostprocessing = 0;
		};
/* End PBXResourcesBuildPhase section */

/* Begin PBXSourcesBuildPhase section */
		C1B7F0BA25F79FE100CD1530 /* Sources */ = {
			isa = PBXSourcesBuildPhase;
			buildActionMask = 2147483647;
			files = (
				B5F66ED225F7B02C0000ED7B /* Planet.swift in Sources */,
				CF6565AB25F7B69200AFCDD4 /* PlanetList.swift in Sources */,
				B5F66ED725F7B0A10000ED7B /* EntityLoader.swift in Sources */,
				C1B7F0C425F79FE100CD1530 /* PlanetRow.swift in Sources */,
				6B94C06025F7C727000CF9C5 /* PlanetDetail.swift in Sources */,
				C1B7F0C225F79FE100CD1530 /* SwiftUITrainingApp.swift in Sources */,
				6B94C05825F7BBA3000CF9C5 /* PlanetService.swift in Sources */,
				B5F66EDB25F7B13A0000ED7B /* PlanetMockData.swift in Sources */,
			);
			runOnlyForDeploymentPostprocessing = 0;
		};
/* End PBXSourcesBuildPhase section */

/* Begin XCBuildConfiguration section */
		C1B7F0CB25F79FE200CD1530 /* Debug */ = {
			isa = XCBuildConfiguration;
			buildSettings = {
				ALWAYS_SEARCH_USER_PATHS = NO;
				CLANG_ANALYZER_NONNULL = YES;
				CLANG_ANALYZER_NUMBER_OBJECT_CONVERSION = YES_AGGRESSIVE;
				CLANG_CXX_LANGUAGE_STANDARD = "gnu++14";
				CLANG_CXX_LIBRARY = "libc++";
				CLANG_ENABLE_MODULES = YES;
				CLANG_ENABLE_OBJC_ARC = YES;
				CLANG_ENABLE_OBJC_WEAK = YES;
				CLANG_WARN_BLOCK_CAPTURE_AUTORELEASING = YES;
				CLANG_WARN_BOOL_CONVERSION = YES;
				CLANG_WARN_COMMA = YES;
				CLANG_WARN_CONSTANT_CONVERSION = YES;
				CLANG_WARN_DEPRECATED_OBJC_IMPLEMENTATIONS = YES;
				CLANG_WARN_DIRECT_OBJC_ISA_USAGE = YES_ERROR;
				CLANG_WARN_DOCUMENTATION_COMMENTS = YES;
				CLANG_WARN_EMPTY_BODY = YES;
				CLANG_WARN_ENUM_CONVERSION = YES;
				CLANG_WARN_INFINITE_RECURSION = YES;
				CLANG_WARN_INT_CONVERSION = YES;
				CLANG_WARN_NON_LITERAL_NULL_CONVERSION = YES;
				CLANG_WARN_OBJC_IMPLICIT_RETAIN_SELF = YES;
				CLANG_WARN_OBJC_LITERAL_CONVERSION = YES;
				CLANG_WARN_OBJC_ROOT_CLASS = YES_ERROR;
				CLANG_WARN_QUOTED_INCLUDE_IN_FRAMEWORK_HEADER = YES;
				CLANG_WARN_RANGE_LOOP_ANALYSIS = YES;
				CLANG_WARN_STRICT_PROTOTYPES = YES;
				CLANG_WARN_SUSPICIOUS_MOVE = YES;
				CLANG_WARN_UNGUARDED_AVAILABILITY = YES_AGGRESSIVE;
				CLANG_WARN_UNREACHABLE_CODE = YES;
				CLANG_WARN__DUPLICATE_METHOD_MATCH = YES;
				COPY_PHASE_STRIP = NO;
				DEBUG_INFORMATION_FORMAT = dwarf;
				ENABLE_STRICT_OBJC_MSGSEND = YES;
				ENABLE_TESTABILITY = YES;
				GCC_C_LANGUAGE_STANDARD = gnu11;
				GCC_DYNAMIC_NO_PIC = NO;
				GCC_NO_COMMON_BLOCKS = YES;
				GCC_OPTIMIZATION_LEVEL = 0;
				GCC_PREPROCESSOR_DEFINITIONS = (
					"DEBUG=1",
					"$(inherited)",
				);
				GCC_WARN_64_TO_32_BIT_CONVERSION = YES;
				GCC_WARN_ABOUT_RETURN_TYPE = YES_ERROR;
				GCC_WARN_UNDECLARED_SELECTOR = YES;
				GCC_WARN_UNINITIALIZED_AUTOS = YES_AGGRESSIVE;
				GCC_WARN_UNUSED_FUNCTION = YES;
				GCC_WARN_UNUSED_VARIABLE = YES;
				IPHONEOS_DEPLOYMENT_TARGET = 14.1;
				MTL_ENABLE_DEBUG_INFO = INCLUDE_SOURCE;
				MTL_FAST_MATH = YES;
				ONLY_ACTIVE_ARCH = YES;
				SDKROOT = iphoneos;
				SWIFT_ACTIVE_COMPILATION_CONDITIONS = DEBUG;
				SWIFT_OPTIMIZATION_LEVEL = "-Onone";
			};
			name = Debug;
		};
		C1B7F0CC25F79FE200CD1530 /* Release */ = {
			isa = XCBuildConfiguration;
			buildSettings = {
				ALWAYS_SEARCH_USER_PATHS = NO;
				CLANG_ANALYZER_NONNULL = YES;
				CLANG_ANALYZER_NUMBER_OBJECT_CONVERSION = YES_AGGRESSIVE;
				CLANG_CXX_LANGUAGE_STANDARD = "gnu++14";
				CLANG_CXX_LIBRARY = "libc++";
				CLANG_ENABLE_MODULES = YES;
				CLANG_ENABLE_OBJC_ARC = YES;
				CLANG_ENABLE_OBJC_WEAK = YES;
				CLANG_WARN_BLOCK_CAPTURE_AUTORELEASING = YES;
				CLANG_WARN_BOOL_CONVERSION = YES;
				CLANG_WARN_COMMA = YES;
				CLANG_WARN_CONSTANT_CONVERSION = YES;
				CLANG_WARN_DEPRECATED_OBJC_IMPLEMENTATIONS = YES;
				CLANG_WARN_DIRECT_OBJC_ISA_USAGE = YES_ERROR;
				CLANG_WARN_DOCUMENTATION_COMMENTS = YES;
				CLANG_WARN_EMPTY_BODY = YES;
				CLANG_WARN_ENUM_CONVERSION = YES;
				CLANG_WARN_INFINITE_RECURSION = YES;
				CLANG_WARN_INT_CONVERSION = YES;
				CLANG_WARN_NON_LITERAL_NULL_CONVERSION = YES;
				CLANG_WARN_OBJC_IMPLICIT_RETAIN_SELF = YES;
				CLANG_WARN_OBJC_LITERAL_CONVERSION = YES;
				CLANG_WARN_OBJC_ROOT_CLASS = YES_ERROR;
				CLANG_WARN_QUOTED_INCLUDE_IN_FRAMEWORK_HEADER = YES;
				CLANG_WARN_RANGE_LOOP_ANALYSIS = YES;
				CLANG_WARN_STRICT_PROTOTYPES = YES;
				CLANG_WARN_SUSPICIOUS_MOVE = YES;
				CLANG_WARN_UNGUARDED_AVAILABILITY = YES_AGGRESSIVE;
				CLANG_WARN_UNREACHABLE_CODE = YES;
				CLANG_WARN__DUPLICATE_METHOD_MATCH = YES;
				COPY_PHASE_STRIP = NO;
				DEBUG_INFORMATION_FORMAT = "dwarf-with-dsym";
				ENABLE_NS_ASSERTIONS = NO;
				ENABLE_STRICT_OBJC_MSGSEND = YES;
				GCC_C_LANGUAGE_STANDARD = gnu11;
				GCC_NO_COMMON_BLOCKS = YES;
				GCC_WARN_64_TO_32_BIT_CONVERSION = YES;
				GCC_WARN_ABOUT_RETURN_TYPE = YES_ERROR;
				GCC_WARN_UNDECLARED_SELECTOR = YES;
				GCC_WARN_UNINITIALIZED_AUTOS = YES_AGGRESSIVE;
				GCC_WARN_UNUSED_FUNCTION = YES;
				GCC_WARN_UNUSED_VARIABLE = YES;
				IPHONEOS_DEPLOYMENT_TARGET = 14.1;
				MTL_ENABLE_DEBUG_INFO = NO;
				MTL_FAST_MATH = YES;
				SDKROOT = iphoneos;
				SWIFT_COMPILATION_MODE = wholemodule;
				SWIFT_OPTIMIZATION_LEVEL = "-O";
				VALIDATE_PRODUCT = YES;
			};
			name = Release;
		};
		C1B7F0CE25F79FE200CD1530 /* Debug */ = {
			isa = XCBuildConfiguration;
			buildSettings = {
				ASSETCATALOG_COMPILER_APPICON_NAME = AppIcon;
				ASSETCATALOG_COMPILER_GLOBAL_ACCENT_COLOR_NAME = AccentColor;
				CODE_SIGN_STYLE = Automatic;
				DEVELOPMENT_ASSET_PATHS = "\"SwiftUITraining/Preview Content\"";
				DEVELOPMENT_TEAM = P8PUK5YU85;
				ENABLE_PREVIEWS = YES;
				INFOPLIST_FILE = SwiftUITraining/Info.plist;
				IPHONEOS_DEPLOYMENT_TARGET = 14.0;
				LD_RUNPATH_SEARCH_PATHS = (
					"$(inherited)",
					"@executable_path/Frameworks",
				);
				PRODUCT_BUNDLE_IDENTIFIER = nl.coolblue.shop.SwiftUITraining;
				PRODUCT_NAME = "$(TARGET_NAME)";
				SWIFT_VERSION = 5.0;
				TARGETED_DEVICE_FAMILY = "1,2";
			};
			name = Debug;
		};
		C1B7F0CF25F79FE200CD1530 /* Release */ = {
			isa = XCBuildConfiguration;
			buildSettings = {
				ASSETCATALOG_COMPILER_APPICON_NAME = AppIcon;
				ASSETCATALOG_COMPILER_GLOBAL_ACCENT_COLOR_NAME = AccentColor;
				CODE_SIGN_STYLE = Automatic;
				DEVELOPMENT_ASSET_PATHS = "\"SwiftUITraining/Preview Content\"";
				DEVELOPMENT_TEAM = P8PUK5YU85;
				ENABLE_PREVIEWS = YES;
				INFOPLIST_FILE = SwiftUITraining/Info.plist;
				IPHONEOS_DEPLOYMENT_TARGET = 14.0;
				LD_RUNPATH_SEARCH_PATHS = (
					"$(inherited)",
					"@executable_path/Frameworks",
				);
				PRODUCT_BUNDLE_IDENTIFIER = nl.coolblue.shop.SwiftUITraining;
				PRODUCT_NAME = "$(TARGET_NAME)";
				SWIFT_VERSION = 5.0;
				TARGETED_DEVICE_FAMILY = "1,2";
			};
			name = Release;
		};
/* End XCBuildConfiguration section */

/* Begin XCConfigurationList section */
		C1B7F0B925F79FE100CD1530 /* Build configuration list for PBXProject "SwiftUITraining" */ = {
			isa = XCConfigurationList;
			buildConfigurations = (
				C1B7F0CB25F79FE200CD1530 /* Debug */,
				C1B7F0CC25F79FE200CD1530 /* Release */,
			);
			defaultConfigurationIsVisible = 0;
			defaultConfigurationName = Release;
		};
		C1B7F0CD25F79FE200CD1530 /* Build configuration list for PBXNativeTarget "SwiftUITraining" */ = {
			isa = XCConfigurationList;
			buildConfigurations = (
				C1B7F0CE25F79FE200CD1530 /* Debug */,
				C1B7F0CF25F79FE200CD1530 /* Release */,
			);
			defaultConfigurationIsVisible = 0;
			defaultConfigurationName = Release;
		};
/* End XCConfigurationList section */

/* Begin XCRemoteSwiftPackageReference section */
		6B94C05A25F7BC07000CF9C5 /* XCRemoteSwiftPackageReference "Alamofire" */ = {
			isa = XCRemoteSwiftPackageReference;
			repositoryURL = "https://github.com/Alamofire/Alamofire";
			requirement = {
				kind = upToNextMajorVersion;
				minimumVersion = 5.4.1;
			};
		};
		A102AE2325F7B49F00424CDD /* XCRemoteSwiftPackageReference "SDWebImageSwiftUI" */ = {
			isa = XCRemoteSwiftPackageReference;
			repositoryURL = "https://github.com/SDWebImage/SDWebImageSwiftUI.git";
			requirement = {
				kind = upToNextMajorVersion;
				minimumVersion = 2.0.1;
			};
		};
/* End XCRemoteSwiftPackageReference section */

/* Begin XCSwiftPackageProductDependency section */
		6B94C05B25F7BC07000CF9C5 /* Alamofire */ = {
			isa = XCSwiftPackageProductDependency;
			package = 6B94C05A25F7BC07000CF9C5 /* XCRemoteSwiftPackageReference "Alamofire" */;
			productName = Alamofire;
		};
		A102AE2425F7B49F00424CDD /* SDWebImageSwiftUI */ = {
			isa = XCSwiftPackageProductDependency;
			package = A102AE2325F7B49F00424CDD /* XCRemoteSwiftPackageReference "SDWebImageSwiftUI" */;
			productName = SDWebImageSwiftUI;
		};
/* End XCSwiftPackageProductDependency section */
	};
	rootObject = C1B7F0B625F79FE100CD1530 /* Project object */;
}
